
Microsoft Visual Studio Solution File, Format Version 12.00
# Visual Studio Version 17
VisualStudioVersion = 17.5.33516.290
MinimumVisualStudioVersion = 10.0.40219.1
Project("{FAE04EC0-301F-11D3-BF4B-00C04F79EFBC}") = "VtoriDubyl", "VtoriDubyl\VtoriDubyl.csproj", "{1541F77B-A720-48FF-862C-0F549087A056}"
EndProject
Global
	GlobalSection(SolutionConfigurationPlatforms) = preSolution
		Debug|Any CPU = Debug|Any CPU
		Release|Any CPU = Release|Any CPU
	EndGlobalSection
	GlobalSection(ProjectConfigurationPlatforms) = postSolution
		{1541F77B-A720-48FF-862C-0F549087A056}.Debug|Any CPU.ActiveCfg = Debug|Any CPU
		{1541F77B-A720-48FF-862C-0F549087A056}.Debug|Any CPU.Build.0 = Debug|Any CPU
		{1541F77B-A720-48FF-862C-0F549087A056}.Release|Any CPU.ActiveCfg = Release|Any CPU
		{1541F77B-A720-48FF-862C-0F549087A056}.Release|Any CPU.Build.0 = Release|Any CPU
	EndGlobalSection
	GlobalSection(SolutionProperties) = preSolution
		HideSolutionNode = FALSE
	EndGlobalSection
	GlobalSection(ExtensibilityGlobals) = postSolution
		SolutionGuid = {EF1DFD7A-8E06-4C85-9FEA-8FA02CCFF3FD}
	EndGlobalSection
EndGlobal
