
Microsoft Visual Studio Solution File, Format Version 12.00
# Visual Studio Version 17
VisualStudioVersion = 17.5.33516.290
MinimumVisualStudioVersion = 10.0.40219.1
Project("{FAE04EC0-301F-11D3-BF4B-00C04F79EFBC}") = "WpfApp1", "WpfApp1\WpfApp1.csproj", "{2C1A1C17-68E8-41A8-B830-9340D9FAFC44}"
EndProject
Global
	GlobalSection(SolutionConfigurationPlatforms) = preSolution
		Debug|Any CPU = Debug|Any CPU
		Release|Any CPU = Release|Any CPU
	EndGlobalSection
	GlobalSection(ProjectConfigurationPlatforms) = postSolution
		{2C1A1C17-68E8-41A8-B830-9340D9FAFC44}.Debug|Any CPU.ActiveCfg = Debug|Any CPU
		{2C1A1C17-68E8-41A8-B830-9340D9FAFC44}.Debug|Any CPU.Build.0 = Debug|Any CPU
		{2C1A1C17-68E8-41A8-B830-9340D9FAFC44}.Release|Any CPU.ActiveCfg = Release|Any CPU
		{2C1A1C17-68E8-41A8-B830-9340D9FAFC44}.Release|Any CPU.Build.0 = Release|Any CPU
	EndGlobalSection
	GlobalSection(SolutionProperties) = preSolution
		HideSolutionNode = FALSE
	EndGlobalSection
	GlobalSection(ExtensibilityGlobals) = postSolution
		SolutionGuid = {6B7B2B71-4D53-4269-971A-903A3F43C0E5}
	EndGlobalSection
EndGlobal
